
Microsoft Visual Studio Solution File, Format Version 12.00
# Visual Studio Version 17
VisualStudioVersion = 17.0.31903.59
MinimumVisualStudioVersion = 10.0.40219.1
Project("{FAE04EC0-301F-11D3-BF4B-00C04F79EFBC}") = "SmallProject.Api", "SmallProject.Api\SmallProject.Api.csproj", "{5B89EEA7-5087-4857-AA7A-5954FE9B7D82}"
EndProject
Project("{FAE04EC0-301F-11D3-BF4B-00C04F79EFBC}") = "SmallProject", "SmallProject\SmallProject.csproj", "{522E5AE9-473D-42D4-A54A-8D89E260B0A6}"
EndProject
Project("{FAE04EC0-301F-11D3-BF4B-00C04F79EFBC}") = "SmallProject.tests", "SmallProject.tests\SmallProject.tests.csproj", "{E7A4F6FE-E662-48F9-BCE8-BB5F5EDB1C81}"
EndProject
Global
	GlobalSection(SolutionConfigurationPlatforms) = preSolution
		Debug|Any CPU = Debug|Any CPU
		Debug|x64 = Debug|x64
		Debug|x86 = Debug|x86
		Release|Any CPU = Release|Any CPU
		Release|x64 = Release|x64
		Release|x86 = Release|x86
	EndGlobalSection
	GlobalSection(ProjectConfigurationPlatforms) = postSolution
		{5B89EEA7-5087-4857-AA7A-5954FE9B7D82}.Debug|Any CPU.ActiveCfg = Debug|Any CPU
		{5B89EEA7-5087-4857-AA7A-5954FE9B7D82}.Debug|Any CPU.Build.0 = Debug|Any CPU
		{5B89EEA7-5087-4857-AA7A-5954FE9B7D82}.Debug|x64.ActiveCfg = Debug|Any CPU
		{5B89EEA7-5087-4857-AA7A-5954FE9B7D82}.Debug|x64.Build.0 = Debug|Any CPU
		{5B89EEA7-5087-4857-AA7A-5954FE9B7D82}.Debug|x86.ActiveCfg = Debug|Any CPU
		{5B89EEA7-5087-4857-AA7A-5954FE9B7D82}.Debug|x86.Build.0 = Debug|Any CPU
		{5B89EEA7-5087-4857-AA7A-5954FE9B7D82}.Release|Any CPU.ActiveCfg = Release|Any CPU
		{5B89EEA7-5087-4857-AA7A-5954FE9B7D82}.Release|Any CPU.Build.0 = Release|Any CPU
		{5B89EEA7-5087-4857-AA7A-5954FE9B7D82}.Release|x64.ActiveCfg = Release|Any CPU
		{5B89EEA7-5087-4857-AA7A-5954FE9B7D82}.Release|x64.Build.0 = Release|Any CPU
		{5B89EEA7-5087-4857-AA7A-5954FE9B7D82}.Release|x86.ActiveCfg = Release|Any CPU
		{5B89EEA7-5087-4857-AA7A-5954FE9B7D82}.Release|x86.Build.0 = Release|Any CPU
		{522E5AE9-473D-42D4-A54A-8D89E260B0A6}.Debug|Any CPU.ActiveCfg = Debug|Any CPU
		{522E5AE9-473D-42D4-A54A-8D89E260B0A6}.Debug|Any CPU.Build.0 = Debug|Any CPU
		{522E5AE9-473D-42D4-A54A-8D89E260B0A6}.Debug|x64.ActiveCfg = Debug|Any CPU
		{522E5AE9-473D-42D4-A54A-8D89E260B0A6}.Debug|x64.Build.0 = Debug|Any CPU
		{522E5AE9-473D-42D4-A54A-8D89E260B0A6}.Debug|x86.ActiveCfg = Debug|Any CPU
		{522E5AE9-473D-42D4-A54A-8D89E260B0A6}.Debug|x86.Build.0 = Debug|Any CPU
		{522E5AE9-473D-42D4-A54A-8D89E260B0A6}.Release|Any CPU.ActiveCfg = Release|Any CPU
		{522E5AE9-473D-42D4-A54A-8D89E260B0A6}.Release|Any CPU.Build.0 = Release|Any CPU
		{522E5AE9-473D-42D4-A54A-8D89E260B0A6}.Release|x64.ActiveCfg = Release|Any CPU
		{522E5AE9-473D-42D4-A54A-8D89E260B0A6}.Release|x64.Build.0 = Release|Any CPU
		{522E5AE9-473D-42D4-A54A-8D89E260B0A6}.Release|x86.ActiveCfg = Release|Any CPU
		{522E5AE9-473D-42D4-A54A-8D89E260B0A6}.Release|x86.Build.0 = Release|Any CPU
		{E7A4F6FE-E662-48F9-BCE8-BB5F5EDB1C81}.Debug|Any CPU.ActiveCfg = Debug|Any CPU
		{E7A4F6FE-E662-48F9-BCE8-BB5F5EDB1C81}.Debug|Any CPU.Build.0 = Debug|Any CPU
		{E7A4F6FE-E662-48F9-BCE8-BB5F5EDB1C81}.Debug|x64.ActiveCfg = Debug|Any CPU
		{E7A4F6FE-E662-48F9-BCE8-BB5F5EDB1C81}.Debug|x64.Build.0 = Debug|Any CPU
		{E7A4F6FE-E662-48F9-BCE8-BB5F5EDB1C81}.Debug|x86.ActiveCfg = Debug|Any CPU
		{E7A4F6FE-E662-48F9-BCE8-BB5F5EDB1C81}.Debug|x86.Build.0 = Debug|Any CPU
		{E7A4F6FE-E662-48F9-BCE8-BB5F5EDB1C81}.Release|Any CPU.ActiveCfg = Release|Any CPU
		{E7A4F6FE-E662-48F9-BCE8-BB5F5EDB1C81}.Release|Any CPU.Build.0 = Release|Any CPU
		{E7A4F6FE-E662-48F9-BCE8-BB5F5EDB1C81}.Release|x64.ActiveCfg = Release|Any CPU
		{E7A4F6FE-E662-48F9-BCE8-BB5F5EDB1C81}.Release|x64.Build.0 = Release|Any CPU
		{E7A4F6FE-E662-48F9-BCE8-BB5F5EDB1C81}.Release|x86.ActiveCfg = Release|Any CPU
		{E7A4F6FE-E662-48F9-BCE8-BB5F5EDB1C81}.Release|x86.Build.0 = Release|Any CPU
	EndGlobalSection
	GlobalSection(SolutionProperties) = preSolution
		HideSolutionNode = FALSE
	EndGlobalSection
EndGlobal
